
Microsoft Visual Studio Solution File, Format Version 12.00
# Visual Studio Version 17
VisualStudioVersion = 17.12.35527.113
MinimumVisualStudioVersion = 10.0.40219.1
Project("{FAE04EC0-301F-11D3-BF4B-00C04F79EFBC}") = "tuan5.GUI", "tuan5.GUI\tuan5.GUI.csproj", "{895CCDEE-9E01-435F-A0B6-1F1CAD8E9C69}"
EndProject
Project("{FAE04EC0-301F-11D3-BF4B-00C04F79EFBC}") = "tuan5.DAL", "tuan5.DAL\tuan5.DAL.csproj", "{6BEDD2F5-75D6-4F23-924E-FBE24E44C9E0}"
EndProject
Project("{FAE04EC0-301F-11D3-BF4B-00C04F79EFBC}") = "tuan5.BUS", "tuan5.BUS\tuan5.BUS.csproj", "{104BCD23-FCD0-489E-8B0E-894D56FAE08D}"
EndProject
Global
	GlobalSection(SolutionConfigurationPlatforms) = preSolution
		Debug|Any CPU = Debug|Any CPU
		Release|Any CPU = Release|Any CPU
	EndGlobalSection
	GlobalSection(ProjectConfigurationPlatforms) = postSolution
		{895CCDEE-9E01-435F-A0B6-1F1CAD8E9C69}.Debug|Any CPU.ActiveCfg = Debug|Any CPU
		{895CCDEE-9E01-435F-A0B6-1F1CAD8E9C69}.Debug|Any CPU.Build.0 = Debug|Any CPU
		{895CCDEE-9E01-435F-A0B6-1F1CAD8E9C69}.Release|Any CPU.ActiveCfg = Release|Any CPU
		{895CCDEE-9E01-435F-A0B6-1F1CAD8E9C69}.Release|Any CPU.Build.0 = Release|Any CPU
		{6BEDD2F5-75D6-4F23-924E-FBE24E44C9E0}.Debug|Any CPU.ActiveCfg = Debug|Any CPU
		{6BEDD2F5-75D6-4F23-924E-FBE24E44C9E0}.Debug|Any CPU.Build.0 = Debug|Any CPU
		{6BEDD2F5-75D6-4F23-924E-FBE24E44C9E0}.Release|Any CPU.ActiveCfg = Release|Any CPU
		{6BEDD2F5-75D6-4F23-924E-FBE24E44C9E0}.Release|Any CPU.Build.0 = Release|Any CPU
		{104BCD23-FCD0-489E-8B0E-894D56FAE08D}.Debug|Any CPU.ActiveCfg = Debug|Any CPU
		{104BCD23-FCD0-489E-8B0E-894D56FAE08D}.Debug|Any CPU.Build.0 = Debug|Any CPU
		{104BCD23-FCD0-489E-8B0E-894D56FAE08D}.Release|Any CPU.ActiveCfg = Release|Any CPU
		{104BCD23-FCD0-489E-8B0E-894D56FAE08D}.Release|Any CPU.Build.0 = Release|Any CPU
	EndGlobalSection
	GlobalSection(SolutionProperties) = preSolution
		HideSolutionNode = FALSE
	EndGlobalSection
EndGlobal
